
Microsoft Visual Studio Solution File, Format Version 12.00
# Visual Studio Version 17
VisualStudioVersion = 17.8.34511.84
MinimumVisualStudioVersion = 10.0.40219.1
Project("{FAE04EC0-301F-11D3-BF4B-00C04F79EFBC}") = "Log", "Log.csproj", "{FEF053C8-711D-43DA-AFC6-EC96D4C81673}"
EndProject
Global
	GlobalSection(SolutionConfigurationPlatforms) = preSolution
		Debug|Any CPU = Debug|Any CPU
		Release|Any CPU = Release|Any CPU
	EndGlobalSection
	GlobalSection(ProjectConfigurationPlatforms) = postSolution
		{FEF053C8-711D-43DA-AFC6-EC96D4C81673}.Debug|Any CPU.ActiveCfg = Debug|Any CPU
		{FEF053C8-711D-43DA-AFC6-EC96D4C81673}.Debug|Any CPU.Build.0 = Debug|Any CPU
		{FEF053C8-711D-43DA-AFC6-EC96D4C81673}.Release|Any CPU.ActiveCfg = Release|Any CPU
		{FEF053C8-711D-43DA-AFC6-EC96D4C81673}.Release|Any CPU.Build.0 = Release|Any CPU
	EndGlobalSection
	GlobalSection(SolutionProperties) = preSolution
		HideSolutionNode = FALSE
	EndGlobalSection
	GlobalSection(ExtensibilityGlobals) = postSolution
		SolutionGuid = {65BE368B-E1BC-4B6E-B14A-23AB38F85B2A}
	EndGlobalSection
EndGlobal
